// !$*UTF8*$!
{
	archiveVersion = 1;
	classes = {
	};
	objectVersion = 50;
	objects = {

/* Begin PBXBuildFile section */
		A56F0A90246EF18B00BD1CE0 /* AppDelegate.swift in Sources */ = {isa = PBXBuildFile; fileRef = A56F0A8F246EF18B00BD1CE0 /* AppDelegate.swift */; };
		A56F0A92246EF18B00BD1CE0 /* SceneDelegate.swift in Sources */ = {isa = PBXBuildFile; fileRef = A56F0A91246EF18B00BD1CE0 /* SceneDelegate.swift */; };
		A56F0A94246EF18B00BD1CE0 /* EventListViewController.swift in Sources */ = {isa = PBXBuildFile; fileRef = A56F0A93246EF18B00BD1CE0 /* EventListViewController.swift */; };
		A56F0A97246EF18C00BD1CE0 /* Main.storyboard in Resources */ = {isa = PBXBuildFile; fileRef = A56F0A95246EF18C00BD1CE0 /* Main.storyboard */; };
		A56F0A99246EF19500BD1CE0 /* Assets.xcassets in Resources */ = {isa = PBXBuildFile; fileRef = A56F0A98246EF19500BD1CE0 /* Assets.xcassets */; };
		A56F0A9C246EF19500BD1CE0 /* LaunchScreen.storyboard in Resources */ = {isa = PBXBuildFile; fileRef = A56F0A9A246EF19500BD1CE0 /* LaunchScreen.storyboard */; };
		A56F0AA8246EF3A700BD1CE0 /* EventListViewModel.swift in Sources */ = {isa = PBXBuildFile; fileRef = A56F0AA7246EF3A700BD1CE0 /* EventListViewModel.swift */; };
		A56F0AAB246EF49000BD1CE0 /* NetworkManager.swift in Sources */ = {isa = PBXBuildFile; fileRef = A56F0AAA246EF49000BD1CE0 /* NetworkManager.swift */; };
		A56F0AAE246EF5EC00BD1CE0 /* EventModel.swift in Sources */ = {isa = PBXBuildFile; fileRef = A56F0AAD246EF5EC00BD1CE0 /* EventModel.swift */; };
		A56F0AB0246F037000BD1CE0 /* EventDetailViewController.swift in Sources */ = {isa = PBXBuildFile; fileRef = A56F0AAF246F037000BD1CE0 /* EventDetailViewController.swift */; };
		A56F0AB3246F0CE700BD1CE0 /* Date+Extensions.swift in Sources */ = {isa = PBXBuildFile; fileRef = A56F0AB2246F0CE700BD1CE0 /* Date+Extensions.swift */; };
		A56F0AB6246F0F2700BD1CE0 /* EventListTableViewCell.swift in Sources */ = {isa = PBXBuildFile; fileRef = A56F0AB5246F0F2700BD1CE0 /* EventListTableViewCell.swift */; };
		A56F0ABA246F12AC00BD1CE0 /* Double+Extensions.swift in Sources */ = {isa = PBXBuildFile; fileRef = A56F0AB9246F12AC00BD1CE0 /* Double+Extensions.swift */; };
		A56F0ABC246F1DA700BD1CE0 /* CheckInModel.swift in Sources */ = {isa = PBXBuildFile; fileRef = A56F0ABB246F1DA700BD1CE0 /* CheckInModel.swift */; };
		A56F0AC0246F36AC00BD1CE0 /* UIImageView+Extensions.swift in Sources */ = {isa = PBXBuildFile; fileRef = A56F0ABF246F36AC00BD1CE0 /* UIImageView+Extensions.swift */; };
		A56F0AC3246F3FD800BD1CE0 /* CheckInViewController.swift in Sources */ = {isa = PBXBuildFile; fileRef = A56F0AC2246F3FD800BD1CE0 /* CheckInViewController.swift */; };
		A56F0AC5246F3FE300BD1CE0 /* CheckInViewModel.swift in Sources */ = {isa = PBXBuildFile; fileRef = A56F0AC4246F3FE300BD1CE0 /* CheckInViewModel.swift */; };
/* End PBXBuildFile section */

/* Begin PBXFileReference section */
		A56F0A8C246EF18B00BD1CE0 /* DesafioIOS.app */ = {isa = PBXFileReference; explicitFileType = wrapper.application; includeInIndex = 0; path = DesafioIOS.app; sourceTree = BUILT_PRODUCTS_DIR; };
		A56F0A8F246EF18B00BD1CE0 /* AppDelegate.swift */ = {isa = PBXFileReference; lastKnownFileType = sourcecode.swift; path = AppDelegate.swift; sourceTree = "<group>"; };
		A56F0A91246EF18B00BD1CE0 /* SceneDelegate.swift */ = {isa = PBXFileReference; lastKnownFileType = sourcecode.swift; path = SceneDelegate.swift; sourceTree = "<group>"; };
		A56F0A93246EF18B00BD1CE0 /* EventListViewController.swift */ = {isa = PBXFileReference; lastKnownFileType = sourcecode.swift; path = EventListViewController.swift; sourceTree = "<group>"; };
		A56F0A96246EF18C00BD1CE0 /* Base */ = {isa = PBXFileReference; lastKnownFileType = file.storyboard; name = Base; path = Base.lproj/Main.storyboard; sourceTree = "<group>"; };
		A56F0A98246EF19500BD1CE0 /* Assets.xcassets */ = {isa = PBXFileReference; lastKnownFileType = folder.assetcatalog; path = Assets.xcassets; sourceTree = "<group>"; };
		A56F0A9B246EF19500BD1CE0 /* Base */ = {isa = PBXFileReference; lastKnownFileType = file.storyboard; name = Base; path = Base.lproj/LaunchScreen.storyboard; sourceTree = "<group>"; };
		A56F0A9D246EF19500BD1CE0 /* Info.plist */ = {isa = PBXFileReference; lastKnownFileType = text.plist.xml; path = Info.plist; sourceTree = "<group>"; };
		A56F0AA7246EF3A700BD1CE0 /* EventListViewModel.swift */ = {isa = PBXFileReference; lastKnownFileType = sourcecode.swift; path = EventListViewModel.swift; sourceTree = "<group>"; };
		A56F0AAA246EF49000BD1CE0 /* NetworkManager.swift */ = {isa = PBXFileReference; lastKnownFileType = sourcecode.swift; path = NetworkManager.swift; sourceTree = "<group>"; };
		A56F0AAD246EF5EC00BD1CE0 /* EventModel.swift */ = {isa = PBXFileReference; lastKnownFileType = sourcecode.swift; path = EventModel.swift; sourceTree = "<group>"; };
		A56F0AAF246F037000BD1CE0 /* EventDetailViewController.swift */ = {isa = PBXFileReference; lastKnownFileType = sourcecode.swift; path = EventDetailViewController.swift; sourceTree = "<group>"; };
		A56F0AB2246F0CE700BD1CE0 /* Date+Extensions.swift */ = {isa = PBXFileReference; lastKnownFileType = sourcecode.swift; path = "Date+Extensions.swift"; sourceTree = "<group>"; };
		A56F0AB5246F0F2700BD1CE0 /* EventListTableViewCell.swift */ = {isa = PBXFileReference; lastKnownFileType = sourcecode.swift; path = EventListTableViewCell.swift; sourceTree = "<group>"; };
		A56F0AB9246F12AC00BD1CE0 /* Double+Extensions.swift */ = {isa = PBXFileReference; lastKnownFileType = sourcecode.swift; path = "Double+Extensions.swift"; sourceTree = "<group>"; };
		A56F0ABB246F1DA700BD1CE0 /* CheckInModel.swift */ = {isa = PBXFileReference; lastKnownFileType = sourcecode.swift; path = CheckInModel.swift; sourceTree = "<group>"; };
		A56F0ABF246F36AC00BD1CE0 /* UIImageView+Extensions.swift */ = {isa = PBXFileReference; lastKnownFileType = sourcecode.swift; path = "UIImageView+Extensions.swift"; sourceTree = "<group>"; };
		A56F0AC2246F3FD800BD1CE0 /* CheckInViewController.swift */ = {isa = PBXFileReference; lastKnownFileType = sourcecode.swift; path = CheckInViewController.swift; sourceTree = "<group>"; };
		A56F0AC4246F3FE300BD1CE0 /* CheckInViewModel.swift */ = {isa = PBXFileReference; lastKnownFileType = sourcecode.swift; path = CheckInViewModel.swift; sourceTree = "<group>"; };
/* End PBXFileReference section */

/* Begin PBXFrameworksBuildPhase section */
		A56F0A89246EF18B00BD1CE0 /* Frameworks */ = {
			isa = PBXFrameworksBuildPhase;
			buildActionMask = 2147483647;
			files = (
			);
			runOnlyForDeploymentPostprocessing = 0;
		};
/* End PBXFrameworksBuildPhase section */

/* Begin PBXGroup section */
		A56F0A83246EF18B00BD1CE0 = {
			isa = PBXGroup;
			children = (
				A56F0A8E246EF18B00BD1CE0 /* DesafioIOS */,
				A56F0A8D246EF18B00BD1CE0 /* Products */,
			);
			sourceTree = "<group>";
		};
		A56F0A8D246EF18B00BD1CE0 /* Products */ = {
			isa = PBXGroup;
			children = (
				A56F0A8C246EF18B00BD1CE0 /* DesafioIOS.app */,
			);
			name = Products;
			sourceTree = "<group>";
		};
		A56F0A8E246EF18B00BD1CE0 /* DesafioIOS */ = {
			isa = PBXGroup;
			children = (
				A56F0A8F246EF18B00BD1CE0 /* AppDelegate.swift */,
				A56F0A91246EF18B00BD1CE0 /* SceneDelegate.swift */,
				A56F0A9A246EF19500BD1CE0 /* LaunchScreen.storyboard */,
				A56F0AA3246EF34D00BD1CE0 /* Scenes */,
				A56F0AB4246F0EF700BD1CE0 /* Cells */,
				A56F0AAC246EF5BC00BD1CE0 /* Models */,
				A56F0AA9246EF3F300BD1CE0 /* Networking */,
				A56F0AB1246F0CCF00BD1CE0 /* Extensions */,
				A56F0A98246EF19500BD1CE0 /* Assets.xcassets */,
				A56F0A9D246EF19500BD1CE0 /* Info.plist */,
			);
			path = DesafioIOS;
			sourceTree = "<group>";
		};
		A56F0AA3246EF34D00BD1CE0 /* Scenes */ = {
			isa = PBXGroup;
			children = (
				A56F0A95246EF18C00BD1CE0 /* Main.storyboard */,
				A56F0AC1246F3FBC00BD1CE0 /* CheckIn */,
				A56F0AA5246EF36400BD1CE0 /* EventDetail */,
				A56F0AA4246EF35700BD1CE0 /* EventsList */,
			);
			path = Scenes;
			sourceTree = "<group>";
		};
		A56F0AA4246EF35700BD1CE0 /* EventsList */ = {
			isa = PBXGroup;
			children = (
				A56F0A93246EF18B00BD1CE0 /* EventListViewController.swift */,
				A56F0AA7246EF3A700BD1CE0 /* EventListViewModel.swift */,
			);
			path = EventsList;
			sourceTree = "<group>";
		};
		A56F0AA5246EF36400BD1CE0 /* EventDetail */ = {
			isa = PBXGroup;
			children = (
				A56F0AAF246F037000BD1CE0 /* EventDetailViewController.swift */,
			);
			path = EventDetail;
			sourceTree = "<group>";
		};
		A56F0AA9246EF3F300BD1CE0 /* Networking */ = {
			isa = PBXGroup;
			children = (
				A56F0AAA246EF49000BD1CE0 /* NetworkManager.swift */,
			);
			path = Networking;
			sourceTree = "<group>";
		};
		A56F0AAC246EF5BC00BD1CE0 /* Models */ = {
			isa = PBXGroup;
			children = (
				A56F0AAD246EF5EC00BD1CE0 /* EventModel.swift */,
				A56F0ABB246F1DA700BD1CE0 /* CheckInModel.swift */,
			);
			path = Models;
			sourceTree = "<group>";
		};
		A56F0AB1246F0CCF00BD1CE0 /* Extensions */ = {
			isa = PBXGroup;
			children = (
				A56F0AB2246F0CE700BD1CE0 /* Date+Extensions.swift */,
				A56F0AB9246F12AC00BD1CE0 /* Double+Extensions.swift */,
				A56F0ABF246F36AC00BD1CE0 /* UIImageView+Extensions.swift */,
			);
			path = Extensions;
			sourceTree = "<group>";
		};
		A56F0AB4246F0EF700BD1CE0 /* Cells */ = {
			isa = PBXGroup;
			children = (
				A56F0AB5246F0F2700BD1CE0 /* EventListTableViewCell.swift */,
			);
			path = Cells;
			sourceTree = "<group>";
		};
		A56F0AC1246F3FBC00BD1CE0 /* CheckIn */ = {
			isa = PBXGroup;
			children = (
				A56F0AC2246F3FD800BD1CE0 /* CheckInViewController.swift */,
				A56F0AC4246F3FE300BD1CE0 /* CheckInViewModel.swift */,
			);
			path = CheckIn;
			sourceTree = "<group>";
		};
/* End PBXGroup section */

/* Begin PBXNativeTarget section */
		A56F0A8B246EF18B00BD1CE0 /* DesafioIOS */ = {
			isa = PBXNativeTarget;
			buildConfigurationList = A56F0AA0246EF19500BD1CE0 /* Build configuration list for PBXNativeTarget "DesafioIOS" */;
			buildPhases = (
				A56F0A88246EF18B00BD1CE0 /* Sources */,
				A56F0A89246EF18B00BD1CE0 /* Frameworks */,
				A56F0A8A246EF18B00BD1CE0 /* Resources */,
			);
			buildRules = (
			);
			dependencies = (
			);
			name = DesafioIOS;
			productName = DesafioIOS;
			productReference = A56F0A8C246EF18B00BD1CE0 /* DesafioIOS.app */;
			productType = "com.apple.product-type.application";
		};
/* End PBXNativeTarget section */

/* Begin PBXProject section */
		A56F0A84246EF18B00BD1CE0 /* Project object */ = {
			isa = PBXProject;
			attributes = {
				LastSwiftUpdateCheck = 1140;
				LastUpgradeCheck = 1140;
				ORGANIZATIONNAME = "Walter Oliveira";
				TargetAttributes = {
					A56F0A8B246EF18B00BD1CE0 = {
						CreatedOnToolsVersion = 11.4.1;
					};
				};
			};
			buildConfigurationList = A56F0A87246EF18B00BD1CE0 /* Build configuration list for PBXProject "DesafioIOS" */;
			compatibilityVersion = "Xcode 9.3";
			developmentRegion = en;
			hasScannedForEncodings = 0;
			knownRegions = (
				en,
				Base,
			);
			mainGroup = A56F0A83246EF18B00BD1CE0;
			productRefGroup = A56F0A8D246EF18B00BD1CE0 /* Products */;
			projectDirPath = "";
			projectRoot = "";
			targets = (
				A56F0A8B246EF18B00BD1CE0 /* DesafioIOS */,
			);
		};
/* End PBXProject section */

/* Begin PBXResourcesBuildPhase section */
		A56F0A8A246EF18B00BD1CE0 /* Resources */ = {
			isa = PBXResourcesBuildPhase;
			buildActionMask = 2147483647;
			files = (
				A56F0A9C246EF19500BD1CE0 /* LaunchScreen.storyboard in Resources */,
				A56F0A99246EF19500BD1CE0 /* Assets.xcassets in Resources */,
				A56F0A97246EF18C00BD1CE0 /* Main.storyboard in Resources */,
			);
			runOnlyForDeploymentPostprocessing = 0;
		};
/* End PBXResourcesBuildPhase section */

/* Begin PBXSourcesBuildPhase section */
		A56F0A88246EF18B00BD1CE0 /* Sources */ = {
			isa = PBXSourcesBuildPhase;
			buildActionMask = 2147483647;
			files = (
				A56F0AC0246F36AC00BD1CE0 /* UIImageView+Extensions.swift in Sources */,
				A56F0A94246EF18B00BD1CE0 /* EventListViewController.swift in Sources */,
				A56F0AB3246F0CE700BD1CE0 /* Date+Extensions.swift in Sources */,
				A56F0ABC246F1DA700BD1CE0 /* CheckInModel.swift in Sources */,
				A56F0AAB246EF49000BD1CE0 /* NetworkManager.swift in Sources */,
				A56F0AB6246F0F2700BD1CE0 /* EventListTableViewCell.swift in Sources */,
				A56F0ABA246F12AC00BD1CE0 /* Double+Extensions.swift in Sources */,
				A56F0AA8246EF3A700BD1CE0 /* EventListViewModel.swift in Sources */,
				A56F0A90246EF18B00BD1CE0 /* AppDelegate.swift in Sources */,
				A56F0AAE246EF5EC00BD1CE0 /* EventModel.swift in Sources */,
				A56F0AB0246F037000BD1CE0 /* EventDetailViewController.swift in Sources */,
				A56F0A92246EF18B00BD1CE0 /* SceneDelegate.swift in Sources */,
				A56F0AC5246F3FE300BD1CE0 /* CheckInViewModel.swift in Sources */,
				A56F0AC3246F3FD800BD1CE0 /* CheckInViewController.swift in Sources */,
			);
			runOnlyForDeploymentPostprocessing = 0;
		};
/* End PBXSourcesBuildPhase section */

/* Begin PBXVariantGroup section */
		A56F0A95246EF18C00BD1CE0 /* Main.storyboard */ = {
			isa = PBXVariantGroup;
			children = (
				A56F0A96246EF18C00BD1CE0 /* Base */,
			);
			name = Main.storyboard;
			sourceTree = "<group>";
		};
		A56F0A9A246EF19500BD1CE0 /* LaunchScreen.storyboard */ = {
			isa = PBXVariantGroup;
			children = (
				A56F0A9B246EF19500BD1CE0 /* Base */,
			);
			name = LaunchScreen.storyboard;
			sourceTree = "<group>";
		};
/* End PBXVariantGroup section */

/* Begin XCBuildConfiguration section */
		A56F0A9E246EF19500BD1CE0 /* Debug */ = {
			isa = XCBuildConfiguration;
			buildSettings = {
				ALWAYS_SEARCH_USER_PATHS = NO;
				CLANG_ANALYZER_NONNULL = YES;
				CLANG_ANALYZER_NUMBER_OBJECT_CONVERSION = YES_AGGRESSIVE;
				CLANG_CXX_LANGUAGE_STANDARD = "gnu++14";
				CLANG_CXX_LIBRARY = "libc++";
				CLANG_ENABLE_MODULES = YES;
				CLANG_ENABLE_OBJC_ARC = YES;
				CLANG_ENABLE_OBJC_WEAK = YES;
				CLANG_WARN_BLOCK_CAPTURE_AUTORELEASING = YES;
				CLANG_WARN_BOOL_CONVERSION = YES;
				CLANG_WARN_COMMA = YES;
				CLANG_WARN_CONSTANT_CONVERSION = YES;
				CLANG_WARN_DEPRECATED_OBJC_IMPLEMENTATIONS = YES;
				CLANG_WARN_DIRECT_OBJC_ISA_USAGE = YES_ERROR;
				CLANG_WARN_DOCUMENTATION_COMMENTS = YES;
				CLANG_WARN_EMPTY_BODY = YES;
				CLANG_WARN_ENUM_CONVERSION = YES;
				CLANG_WARN_INFINITE_RECURSION = YES;
				CLANG_WARN_INT_CONVERSION = YES;
				CLANG_WARN_NON_LITERAL_NULL_CONVERSION = YES;
				CLANG_WARN_OBJC_IMPLICIT_RETAIN_SELF = YES;
				CLANG_WARN_OBJC_LITERAL_CONVERSION = YES;
				CLANG_WARN_OBJC_ROOT_CLASS = YES_ERROR;
				CLANG_WARN_RANGE_LOOP_ANALYSIS = YES;
				CLANG_WARN_STRICT_PROTOTYPES = YES;
				CLANG_WARN_SUSPICIOUS_MOVE = YES;
				CLANG_WARN_UNGUARDED_AVAILABILITY = YES_AGGRESSIVE;
				CLANG_WARN_UNREACHABLE_CODE = YES;
				CLANG_WARN__DUPLICATE_METHOD_MATCH = YES;
				COPY_PHASE_STRIP = NO;
				DEBUG_INFORMATION_FORMAT = dwarf;
				ENABLE_STRICT_OBJC_MSGSEND = YES;
				ENABLE_TESTABILITY = YES;
				GCC_C_LANGUAGE_STANDARD = gnu11;
				GCC_DYNAMIC_NO_PIC = NO;
				GCC_NO_COMMON_BLOCKS = YES;
				GCC_OPTIMIZATION_LEVEL = 0;
				GCC_PREPROCESSOR_DEFINITIONS = (
					"DEBUG=1",
					"$(inherited)",
				);
				GCC_WARN_64_TO_32_BIT_CONVERSION = YES;
				GCC_WARN_ABOUT_RETURN_TYPE = YES_ERROR;
				GCC_WARN_UNDECLARED_SELECTOR = YES;
				GCC_WARN_UNINITIALIZED_AUTOS = YES_AGGRESSIVE;
				GCC_WARN_UNUSED_FUNCTION = YES;
				GCC_WARN_UNUSED_VARIABLE = YES;
				IPHONEOS_DEPLOYMENT_TARGET = 13.4;
				MTL_ENABLE_DEBUG_INFO = INCLUDE_SOURCE;
				MTL_FAST_MATH = YES;
				ONLY_ACTIVE_ARCH = YES;
				SDKROOT = iphoneos;
				SWIFT_ACTIVE_COMPILATION_CONDITIONS = DEBUG;
				SWIFT_OPTIMIZATION_LEVEL = "-Onone";
			};
			name = Debug;
		};
		A56F0A9F246EF19500BD1CE0 /* Release */ = {
			isa = XCBuildConfiguration;
			buildSettings = {
				ALWAYS_SEARCH_USER_PATHS = NO;
				CLANG_ANALYZER_NONNULL = YES;
				CLANG_ANALYZER_NUMBER_OBJECT_CONVERSION = YES_AGGRESSIVE;
				CLANG_CXX_LANGUAGE_STANDARD = "gnu++14";
				CLANG_CXX_LIBRARY = "libc++";
				CLANG_ENABLE_MODULES = YES;
				CLANG_ENABLE_OBJC_ARC = YES;
				CLANG_ENABLE_OBJC_WEAK = YES;
				CLANG_WARN_BLOCK_CAPTURE_AUTORELEASING = YES;
				CLANG_WARN_BOOL_CONVERSION = YES;
				CLANG_WARN_COMMA = YES;
				CLANG_WARN_CONSTANT_CONVERSION = YES;
				CLANG_WARN_DEPRECATED_OBJC_IMPLEMENTATIONS = YES;
				CLANG_WARN_DIRECT_OBJC_ISA_USAGE = YES_ERROR;
				CLANG_WARN_DOCUMENTATION_COMMENTS = YES;
				CLANG_WARN_EMPTY_BODY = YES;
				CLANG_WARN_ENUM_CONVERSION = YES;
				CLANG_WARN_INFINITE_RECURSION = YES;
				CLANG_WARN_INT_CONVERSION = YES;
				CLANG_WARN_NON_LITERAL_NULL_CONVERSION = YES;
				CLANG_WARN_OBJC_IMPLICIT_RETAIN_SELF = YES;
				CLANG_WARN_OBJC_LITERAL_CONVERSION = YES;
				CLANG_WARN_OBJC_ROOT_CLASS = YES_ERROR;
				CLANG_WARN_RANGE_LOOP_ANALYSIS = YES;
				CLANG_WARN_STRICT_PROTOTYPES = YES;
				CLANG_WARN_SUSPICIOUS_MOVE = YES;
				CLANG_WARN_UNGUARDED_AVAILABILITY = YES_AGGRESSIVE;
				CLANG_WARN_UNREACHABLE_CODE = YES;
				CLANG_WARN__DUPLICATE_METHOD_MATCH = YES;
				COPY_PHASE_STRIP = NO;
				DEBUG_INFORMATION_FORMAT = "dwarf-with-dsym";
				ENABLE_NS_ASSERTIONS = NO;
				ENABLE_STRICT_OBJC_MSGSEND = YES;
				GCC_C_LANGUAGE_STANDARD = gnu11;
				GCC_NO_COMMON_BLOCKS = YES;
				GCC_WARN_64_TO_32_BIT_CONVERSION = YES;
				GCC_WARN_ABOUT_RETURN_TYPE = YES_ERROR;
				GCC_WARN_UNDECLARED_SELECTOR = YES;
				GCC_WARN_UNINITIALIZED_AUTOS = YES_AGGRESSIVE;
				GCC_WARN_UNUSED_FUNCTION = YES;
				GCC_WARN_UNUSED_VARIABLE = YES;
				IPHONEOS_DEPLOYMENT_TARGET = 13.4;
				MTL_ENABLE_DEBUG_INFO = NO;
				MTL_FAST_MATH = YES;
				SDKROOT = iphoneos;
				SWIFT_COMPILATION_MODE = wholemodule;
				SWIFT_OPTIMIZATION_LEVEL = "-O";
				VALIDATE_PRODUCT = YES;
			};
			name = Release;
		};
		A56F0AA1246EF19500BD1CE0 /* Debug */ = {
			isa = XCBuildConfiguration;
			buildSettings = {
				ASSETCATALOG_COMPILER_APPICON_NAME = AppIcon;
				CODE_SIGN_STYLE = Automatic;
				DEVELOPMENT_TEAM = 9NDFH67L52;
				INFOPLIST_FILE = DesafioIOS/Info.plist;
				LD_RUNPATH_SEARCH_PATHS = (
					"$(inherited)",
					"@executable_path/Frameworks",
				);
				PRODUCT_BUNDLE_IDENTIFIER = me.Oliveira.Walter.DesafioIOS;
				PRODUCT_NAME = "$(TARGET_NAME)";
				SWIFT_VERSION = 5.0;
				TARGETED_DEVICE_FAMILY = "1,2";
			};
			name = Debug;
		};
		A56F0AA2246EF19500BD1CE0 /* Release */ = {
			isa = XCBuildConfiguration;
			buildSettings = {
				ASSETCATALOG_COMPILER_APPICON_NAME = AppIcon;
				CODE_SIGN_STYLE = Automatic;
				DEVELOPMENT_TEAM = 9NDFH67L52;
				INFOPLIST_FILE = DesafioIOS/Info.plist;
				LD_RUNPATH_SEARCH_PATHS = (
					"$(inherited)",
					"@executable_path/Frameworks",
				);
				PRODUCT_BUNDLE_IDENTIFIER = me.Oliveira.Walter.DesafioIOS;
				PRODUCT_NAME = "$(TARGET_NAME)";
				SWIFT_VERSION = 5.0;
				TARGETED_DEVICE_FAMILY = "1,2";
			};
			name = Release;
		};
/* End XCBuildConfiguration section */

/* Begin XCConfigurationList section */
		A56F0A87246EF18B00BD1CE0 /* Build configuration list for PBXProject "DesafioIOS" */ = {
			isa = XCConfigurationList;
			buildConfigurations = (
				A56F0A9E246EF19500BD1CE0 /* Debug */,
				A56F0A9F246EF19500BD1CE0 /* Release */,
			);
			defaultConfigurationIsVisible = 0;
			defaultConfigurationName = Release;
		};
		A56F0AA0246EF19500BD1CE0 /* Build configuration list for PBXNativeTarget "DesafioIOS" */ = {
			isa = XCConfigurationList;
			buildConfigurations = (
				A56F0AA1246EF19500BD1CE0 /* Debug */,
				A56F0AA2246EF19500BD1CE0 /* Release */,
			);
			defaultConfigurationIsVisible = 0;
			defaultConfigurationName = Release;
		};
/* End XCConfigurationList section */
	};
	rootObject = A56F0A84246EF18B00BD1CE0 /* Project object */;
}
